
Microsoft Visual Studio Solution File, Format Version 12.00
# Visual Studio Version 16
VisualStudioVersion = 16.0.30204.135
MinimumVisualStudioVersion = 10.0.40219.1
Project("{FAE04EC0-301F-11D3-BF4B-00C04F79EFBC}") = "Shopping.Common", "Shopping.Common\Shopping.Common.csproj", "{189A24F4-F4E3-4BE7-B24C-DC70C798335A}"
EndProject
Project("{FAE04EC0-301F-11D3-BF4B-00C04F79EFBC}") = "Shopping.Model", "Shopping.Model\Shopping.Model.csproj", "{4D6B2BF2-4A67-427D-9945-F11C96C2DC8E}"
EndProject
Project("{FAE04EC0-301F-11D3-BF4B-00C04F79EFBC}") = "Shopping.Data", "Shopping.Data\Shopping.Data.csproj", "{25878896-00E4-4159-8600-81685BCC5B65}"
EndProject
Project("{FAE04EC0-301F-11D3-BF4B-00C04F79EFBC}") = "Shopping.UnitTest", "Shopping.UnitTest\Shopping.UnitTest.csproj", "{6BBFECB5-B4B6-443B-851D-864424254018}"
EndProject
Project("{FAE04EC0-301F-11D3-BF4B-00C04F79EFBC}") = "Shopping.Web", "Shopping.Web\Shopping.Web.csproj", "{B7C865EC-BDAF-4AB6-816D-2CC0EDA5E1F4}"
EndProject
Project("{FAE04EC0-301F-11D3-BF4B-00C04F79EFBC}") = "Shopping.Service", "Shopping.Service\Shopping.Service.csproj", "{032EEEFD-1A24-4CF5-BDB9-AD415F386364}"
EndProject
Global
	GlobalSection(SolutionConfigurationPlatforms) = preSolution
		Debug|Any CPU = Debug|Any CPU
		Release|Any CPU = Release|Any CPU
	EndGlobalSection
	GlobalSection(ProjectConfigurationPlatforms) = postSolution
		{189A24F4-F4E3-4BE7-B24C-DC70C798335A}.Debug|Any CPU.ActiveCfg = Debug|Any CPU
		{189A24F4-F4E3-4BE7-B24C-DC70C798335A}.Debug|Any CPU.Build.0 = Debug|Any CPU
		{189A24F4-F4E3-4BE7-B24C-DC70C798335A}.Release|Any CPU.ActiveCfg = Release|Any CPU
		{189A24F4-F4E3-4BE7-B24C-DC70C798335A}.Release|Any CPU.Build.0 = Release|Any CPU
		{4D6B2BF2-4A67-427D-9945-F11C96C2DC8E}.Debug|Any CPU.ActiveCfg = Debug|Any CPU
		{4D6B2BF2-4A67-427D-9945-F11C96C2DC8E}.Debug|Any CPU.Build.0 = Debug|Any CPU
		{4D6B2BF2-4A67-427D-9945-F11C96C2DC8E}.Release|Any CPU.ActiveCfg = Release|Any CPU
		{4D6B2BF2-4A67-427D-9945-F11C96C2DC8E}.Release|Any CPU.Build.0 = Release|Any CPU
		{25878896-00E4-4159-8600-81685BCC5B65}.Debug|Any CPU.ActiveCfg = Debug|Any CPU
		{25878896-00E4-4159-8600-81685BCC5B65}.Debug|Any CPU.Build.0 = Debug|Any CPU
		{25878896-00E4-4159-8600-81685BCC5B65}.Release|Any CPU.ActiveCfg = Release|Any CPU
		{25878896-00E4-4159-8600-81685BCC5B65}.Release|Any CPU.Build.0 = Release|Any CPU
		{6BBFECB5-B4B6-443B-851D-864424254018}.Debug|Any CPU.ActiveCfg = Debug|Any CPU
		{6BBFECB5-B4B6-443B-851D-864424254018}.Debug|Any CPU.Build.0 = Debug|Any CPU
		{6BBFECB5-B4B6-443B-851D-864424254018}.Release|Any CPU.ActiveCfg = Release|Any CPU
		{6BBFECB5-B4B6-443B-851D-864424254018}.Release|Any CPU.Build.0 = Release|Any CPU
		{B7C865EC-BDAF-4AB6-816D-2CC0EDA5E1F4}.Debug|Any CPU.ActiveCfg = Debug|Any CPU
		{B7C865EC-BDAF-4AB6-816D-2CC0EDA5E1F4}.Debug|Any CPU.Build.0 = Debug|Any CPU
		{B7C865EC-BDAF-4AB6-816D-2CC0EDA5E1F4}.Release|Any CPU.ActiveCfg = Release|Any CPU
		{B7C865EC-BDAF-4AB6-816D-2CC0EDA5E1F4}.Release|Any CPU.Build.0 = Release|Any CPU
		{032EEEFD-1A24-4CF5-BDB9-AD415F386364}.Debug|Any CPU.ActiveCfg = Debug|Any CPU
		{032EEEFD-1A24-4CF5-BDB9-AD415F386364}.Debug|Any CPU.Build.0 = Debug|Any CPU
		{032EEEFD-1A24-4CF5-BDB9-AD415F386364}.Release|Any CPU.ActiveCfg = Release|Any CPU
		{032EEEFD-1A24-4CF5-BDB9-AD415F386364}.Release|Any CPU.Build.0 = Release|Any CPU
	EndGlobalSection
	GlobalSection(SolutionProperties) = preSolution
		HideSolutionNode = FALSE
	EndGlobalSection
	GlobalSection(ExtensibilityGlobals) = postSolution
		SolutionGuid = {648AF9DB-7918-428B-8113-5FCFB83C8648}
	EndGlobalSection
EndGlobal
